
Microsoft Visual Studio Solution File, Format Version 12.00
# Visual Studio Version 16
VisualStudioVersion = 16.0.30907.101
MinimumVisualStudioVersion = 10.0.40219.1
Project("{FAE04EC0-301F-11D3-BF4B-00C04F79EFBC}") = "01_Intro", "01_Intro\01_Intro.csproj", "{2D23D5AC-CC69-422B-A730-7A81F6EA4A84}"
EndProject
Project("{FAE04EC0-301F-11D3-BF4B-00C04F79EFBC}") = "LAB_01_08_silnia", "LAB_01_08_silnia\LAB_01_08_silnia.csproj", "{E78443D9-37BD-43D8-830D-AD281679DB60}"
EndProject
Project("{FAE04EC0-301F-11D3-BF4B-00C04F79EFBC}") = "02_1_Pierwiastki_A", "02_1_Pierwiastki_A\02_1_Pierwiastki_A.csproj", "{EA105BA9-F4AB-4D96-B2A2-8A3FA222C3EA}"
EndProject
Project("{FAE04EC0-301F-11D3-BF4B-00C04F79EFBC}") = "03_Propertisy", "03_Propertisy\03_Propertisy.csproj", "{E150ED9E-1DA8-42FF-B242-53B91EAE32D8}"
EndProject
Project("{FAE04EC0-301F-11D3-BF4B-00C04F79EFBC}") = "LAB_03__Angles", "LAB_3_Angles\LAB_03__Angles.csproj", "{A70C0C7F-17FD-4E04-AD6C-9576A37E36CE}"
EndProject
Project("{FAE04EC0-301F-11D3-BF4B-00C04F79EFBC}") = "04_A_Metody", "04_A_Metody\04_A_Metody.csproj", "{A1AC6701-5073-49FC-9AC5-D647E406CF95}"
EndProject
Project("{FAE04EC0-301F-11D3-BF4B-00C04F79EFBC}") = "04_B_Macierze", "04_B_Macierze\04_B_Macierze.csproj", "{1F590E1B-B088-481A-AF8B-72C54B47AFF4}"
EndProject
Project("{FAE04EC0-301F-11D3-BF4B-00C04F79EFBC}") = "LAB_03__PropEdit", "LAB_03__PropEdit\LAB_03__PropEdit.csproj", "{50476129-B08B-437C-9B76-2E252D49768E}"
EndProject
Project("{FAE04EC0-301F-11D3-BF4B-00C04F79EFBC}") = "LAB_02_04_TablMno", "LAB_02_04_TablMno\LAB_02_04_TablMno.csproj", "{4356D227-5B84-4719-BB9A-BE7B9F899A4F}"
EndProject
Project("{FAE04EC0-301F-11D3-BF4B-00C04F79EFBC}") = "05_B_Konstruktory", "05_B_Konstruktory\05_B_Konstruktory.csproj", "{03C07BE5-3E30-45FD-8BF1-60DF9FE12299}"
EndProject
Project("{FAE04EC0-301F-11D3-BF4B-00C04F79EFBC}") = "05_A_Statyczne", "05_A_Statyczne\05_A_Statyczne.csproj", "{86889061-7776-4437-AE1E-183D448C3655}"
EndProject
Project("{FAE04EC0-301F-11D3-BF4B-00C04F79EFBC}") = "LAB6", "LAB6\LAB6.csproj", "{27E791AB-81EF-46C7-8AA2-4A71AE015B37}"
EndProject
Project("{FAE04EC0-301F-11D3-BF4B-00C04F79EFBC}") = "06_B_Dep_Inv", "06_B_Dep_Inv\06_B_Dep_Inv.csproj", "{8EE8AAE7-0833-4C69-A5C8-E5641B4D1D84}"
EndProject
Project("{FAE04EC0-301F-11D3-BF4B-00C04F79EFBC}") = "06_A_Dziedziczenie_cd", "06_A_Dziedziczenie_cd\06_A_Dziedziczenie_cd.csproj", "{ADD3B48E-D6E9-4178-A68E-09F1C43D5DEB}"
EndProject
Project("{FAE04EC0-301F-11D3-BF4B-00C04F79EFBC}") = "07_A_Interfejsy", "07_A_Interfejsy\07_A_Interfejsy.csproj", "{2423762F-2B5C-4833-838F-56069424CC2D}"
EndProject
Project("{FAE04EC0-301F-11D3-BF4B-00C04F79EFBC}") = "08_A_Virtual_vs_Normal", "08_A_Virtual_vs_Normal\08_A_Virtual_vs_Normal.csproj", "{CE240C45-77A5-4751-B06E-BE6DFF01B9D9}"
EndProject
Project("{FAE04EC0-301F-11D3-BF4B-00C04F79EFBC}") = "08_B_Dekorator", "08_B_Dekorator\08_B_Dekorator.csproj", "{E6C39108-982E-4E39-BC85-C90AA5269446}"
EndProject
Project("{FAE04EC0-301F-11D3-BF4B-00C04F79EFBC}") = "08_C_Dekorator_Inter", "08_C_Dekorator_Inter\08_C_Dekorator_Inter.csproj", "{D9027153-6CE2-4249-88CC-8AE45F674CE2}"
EndProject
Project("{FAE04EC0-301F-11D3-BF4B-00C04F79EFBC}") = "08_D_Dekoratory_adv", "08_D_Dekoratory_adv\08_D_Dekoratory_adv.csproj", "{6D3553AD-42E6-4BB1-83E9-799BE044C4CA}"
EndProject
Project("{FAE04EC0-301F-11D3-BF4B-00C04F79EFBC}") = "LAB_6_IOsoba", "LAB_6_IOsoba\LAB_6_IOsoba.csproj", "{72FDBD41-FE54-4647-811F-2F14678E8283}"
EndProject
Project("{FAE04EC0-301F-11D3-BF4B-00C04F79EFBC}") = "LAB_6_Figury", "LAB_6_Figury\LAB_6_Figury.csproj", "{979C9A98-F0FF-4B4A-AE0C-C6837C989E64}"
EndProject
Project("{FAE04EC0-301F-11D3-BF4B-00C04F79EFBC}") = "LAB_6_IPodatek", "LAB_6_IPodatek\LAB_6_IPodatek.csproj", "{1870ECAF-61A3-4546-B4CE-0C6CC0B88B2D}"
EndProject
Project("{FAE04EC0-301F-11D3-BF4B-00C04F79EFBC}") = "09_A_Delegacje", "09_A_Delegacje\09_A_Delegacje.csproj", "{3970FA24-92A9-42A3-8055-38C0BA5DBF60}"
EndProject
Project("{FAE04EC0-301F-11D3-BF4B-00C04F79EFBC}") = "09_B_Zdarzenia", "09_B_Zdarzenia\09_B_Zdarzenia.csproj", "{AA796269-6722-45B8-8094-BEF8E7390980}"
EndProject
Project("{FAE04EC0-301F-11D3-BF4B-00C04F79EFBC}") = "09_C_Pierwiastki_ev", "09_C_Pierwiastki_ev\09_C_Pierwiastki_ev.csproj", "{62E9E93C-ED6C-4382-AE0C-7B03DFF4E7B8}"
EndProject
Project("{FAE04EC0-301F-11D3-BF4B-00C04F79EFBC}") = "09_D_Delegacje_Add", "09_D_Delegacje_Add\09_D_Delegacje_Add.csproj", "{6291B1A9-287D-41AB-8B4E-59B50694FB82}"
EndProject
Project("{FAE04EC0-301F-11D3-BF4B-00C04F79EFBC}") = "10_Delegacje_predefiniowane", "10_Delegacje_predefiniowane\10_Delegacje_predefiniowane.csproj", "{515ECB0E-36EC-474C-8A6D-D859AAC1F191}"
EndProject
Project("{FAE04EC0-301F-11D3-BF4B-00C04F79EFBC}") = "LAB_08_A", "LAB_08_A\LAB_08_A.csproj", "{9FA9C282-3CF7-480F-9B30-DAB53C786A77}"
EndProject
Project("{FAE04EC0-301F-11D3-BF4B-00C04F79EFBC}") = "LAB_08_B", "LAB_08_B\LAB_08_B.csproj", "{5FFD413C-6B7E-4818-A73E-318A08028A75}"
EndProject
Project("{FAE04EC0-301F-11D3-BF4B-00C04F79EFBC}") = "11_LINQ", "11_LINQ\11_LINQ.csproj", "{9B35AEA6-4361-42D2-BD9A-703A3BE5DD52}"
EndProject
Project("{FAE04EC0-301F-11D3-BF4B-00C04F79EFBC}") = "12_Exceptions", "12_Exceptions\12_Exceptions.csproj", "{E13756AE-2E1E-4A89-9264-0C242D1670F7}"
EndProject
Project("{FAE04EC0-301F-11D3-BF4B-00C04F79EFBC}") = "13_A_Threads_BackgroundWorker", "13_A_Threads_BackGroundWorker\13_A_Threads_BackgroundWorker.csproj", "{D3FB155A-9F6A-4F13-9A4F-7EACAACEE8D1}"
EndProject
Project("{FAE04EC0-301F-11D3-BF4B-00C04F79EFBC}") = "13_B_Threads_Class", "13_B_Threads_Class\13_B_Threads_Class.csproj", "{85C57313-4A89-47CE-9179-655057FC35AD}"
EndProject
Project("{FAE04EC0-301F-11D3-BF4B-00C04F79EFBC}") = "13_C_Threads_Efficiency", "13_C_Threads_Efficiency\13_C_Threads_Efficiency.csproj", "{0BD7A097-BC35-49AB-8A9C-D33D35D80045}"
EndProject
Project("{FAE04EC0-301F-11D3-BF4B-00C04F79EFBC}") = "13_D_Threads_Pool", "13_D_Thread_Pool\13_D_Threads_Pool.csproj", "{1CBF6649-EA53-4D8D-AFDD-162875157334}"
EndProject
Project("{FAE04EC0-301F-11D3-BF4B-00C04F79EFBC}") = "Lab_10", "Lab_10\Lab_10.csproj", "{CA77104E-B9F5-43D1-AAE1-B52BF229A29A}"
EndProject
Project("{FAE04EC0-301F-11D3-BF4B-00C04F79EFBC}") = "14_A_Refleksje", "14_A_Refleksje\14_A_Refleksje.csproj", "{65D36179-8F9C-4E63-9CA0-6A6F4665CC63}"
EndProject
Project("{FAE04EC0-301F-11D3-BF4B-00C04F79EFBC}") = "14_B_ExcelAutomations", "14_B_ExcelAutomations\14_B_ExcelAutomations.csproj", "{F3BAE213-2369-4789-A5F6-3D1F3D5CB54D}"
EndProject
Global
	GlobalSection(SolutionConfigurationPlatforms) = preSolution
		Debug|Any CPU = Debug|Any CPU
		Debug|x64 = Debug|x64
		Debug|x86 = Debug|x86
		Release|Any CPU = Release|Any CPU
		Release|x64 = Release|x64
		Release|x86 = Release|x86
	EndGlobalSection
	GlobalSection(ProjectConfigurationPlatforms) = postSolution
		{2D23D5AC-CC69-422B-A730-7A81F6EA4A84}.Debug|Any CPU.ActiveCfg = Debug|Any CPU
		{2D23D5AC-CC69-422B-A730-7A81F6EA4A84}.Debug|Any CPU.Build.0 = Debug|Any CPU
		{2D23D5AC-CC69-422B-A730-7A81F6EA4A84}.Debug|x64.ActiveCfg = Debug|Any CPU
		{2D23D5AC-CC69-422B-A730-7A81F6EA4A84}.Debug|x64.Build.0 = Debug|Any CPU
		{2D23D5AC-CC69-422B-A730-7A81F6EA4A84}.Debug|x86.ActiveCfg = Debug|Any CPU
		{2D23D5AC-CC69-422B-A730-7A81F6EA4A84}.Debug|x86.Build.0 = Debug|Any CPU
		{2D23D5AC-CC69-422B-A730-7A81F6EA4A84}.Release|Any CPU.ActiveCfg = Release|Any CPU
		{2D23D5AC-CC69-422B-A730-7A81F6EA4A84}.Release|Any CPU.Build.0 = Release|Any CPU
		{2D23D5AC-CC69-422B-A730-7A81F6EA4A84}.Release|x64.ActiveCfg = Release|Any CPU
		{2D23D5AC-CC69-422B-A730-7A81F6EA4A84}.Release|x64.Build.0 = Release|Any CPU
		{2D23D5AC-CC69-422B-A730-7A81F6EA4A84}.Release|x86.ActiveCfg = Release|Any CPU
		{2D23D5AC-CC69-422B-A730-7A81F6EA4A84}.Release|x86.Build.0 = Release|Any CPU
		{E78443D9-37BD-43D8-830D-AD281679DB60}.Debug|Any CPU.ActiveCfg = Debug|Any CPU
		{E78443D9-37BD-43D8-830D-AD281679DB60}.Debug|Any CPU.Build.0 = Debug|Any CPU
		{E78443D9-37BD-43D8-830D-AD281679DB60}.Debug|x64.ActiveCfg = Debug|Any CPU
		{E78443D9-37BD-43D8-830D-AD281679DB60}.Debug|x64.Build.0 = Debug|Any CPU
		{E78443D9-37BD-43D8-830D-AD281679DB60}.Debug|x86.ActiveCfg = Debug|Any CPU
		{E78443D9-37BD-43D8-830D-AD281679DB60}.Debug|x86.Build.0 = Debug|Any CPU
		{E78443D9-37BD-43D8-830D-AD281679DB60}.Release|Any CPU.ActiveCfg = Release|Any CPU
		{E78443D9-37BD-43D8-830D-AD281679DB60}.Release|Any CPU.Build.0 = Release|Any CPU
		{E78443D9-37BD-43D8-830D-AD281679DB60}.Release|x64.ActiveCfg = Release|Any CPU
		{E78443D9-37BD-43D8-830D-AD281679DB60}.Release|x64.Build.0 = Release|Any CPU
		{E78443D9-37BD-43D8-830D-AD281679DB60}.Release|x86.ActiveCfg = Release|Any CPU
		{E78443D9-37BD-43D8-830D-AD281679DB60}.Release|x86.Build.0 = Release|Any CPU
		{EA105BA9-F4AB-4D96-B2A2-8A3FA222C3EA}.Debug|Any CPU.ActiveCfg = Debug|Any CPU
		{EA105BA9-F4AB-4D96-B2A2-8A3FA222C3EA}.Debug|Any CPU.Build.0 = Debug|Any CPU
		{EA105BA9-F4AB-4D96-B2A2-8A3FA222C3EA}.Debug|x64.ActiveCfg = Debug|Any CPU
		{EA105BA9-F4AB-4D96-B2A2-8A3FA222C3EA}.Debug|x64.Build.0 = Debug|Any CPU
		{EA105BA9-F4AB-4D96-B2A2-8A3FA222C3EA}.Debug|x86.ActiveCfg = Debug|Any CPU
		{EA105BA9-F4AB-4D96-B2A2-8A3FA222C3EA}.Debug|x86.Build.0 = Debug|Any CPU
		{EA105BA9-F4AB-4D96-B2A2-8A3FA222C3EA}.Release|Any CPU.ActiveCfg = Release|Any CPU
		{EA105BA9-F4AB-4D96-B2A2-8A3FA222C3EA}.Release|Any CPU.Build.0 = Release|Any CPU
		{EA105BA9-F4AB-4D96-B2A2-8A3FA222C3EA}.Release|x64.ActiveCfg = Release|Any CPU
		{EA105BA9-F4AB-4D96-B2A2-8A3FA222C3EA}.Release|x64.Build.0 = Release|Any CPU
		{EA105BA9-F4AB-4D96-B2A2-8A3FA222C3EA}.Release|x86.ActiveCfg = Release|Any CPU
		{EA105BA9-F4AB-4D96-B2A2-8A3FA222C3EA}.Release|x86.Build.0 = Release|Any CPU
		{E150ED9E-1DA8-42FF-B242-53B91EAE32D8}.Debug|Any CPU.ActiveCfg = Debug|Any CPU
		{E150ED9E-1DA8-42FF-B242-53B91EAE32D8}.Debug|Any CPU.Build.0 = Debug|Any CPU
		{E150ED9E-1DA8-42FF-B242-53B91EAE32D8}.Debug|x64.ActiveCfg = Debug|Any CPU
		{E150ED9E-1DA8-42FF-B242-53B91EAE32D8}.Debug|x64.Build.0 = Debug|Any CPU
		{E150ED9E-1DA8-42FF-B242-53B91EAE32D8}.Debug|x86.ActiveCfg = Debug|Any CPU
		{E150ED9E-1DA8-42FF-B242-53B91EAE32D8}.Debug|x86.Build.0 = Debug|Any CPU
		{E150ED9E-1DA8-42FF-B242-53B91EAE32D8}.Release|Any CPU.ActiveCfg = Release|Any CPU
		{E150ED9E-1DA8-42FF-B242-53B91EAE32D8}.Release|Any CPU.Build.0 = Release|Any CPU
		{E150ED9E-1DA8-42FF-B242-53B91EAE32D8}.Release|x64.ActiveCfg = Release|Any CPU
		{E150ED9E-1DA8-42FF-B242-53B91EAE32D8}.Release|x64.Build.0 = Release|Any CPU
		{E150ED9E-1DA8-42FF-B242-53B91EAE32D8}.Release|x86.ActiveCfg = Release|Any CPU
		{E150ED9E-1DA8-42FF-B242-53B91EAE32D8}.Release|x86.Build.0 = Release|Any CPU
		{A70C0C7F-17FD-4E04-AD6C-9576A37E36CE}.Debug|Any CPU.ActiveCfg = Debug|Any CPU
		{A70C0C7F-17FD-4E04-AD6C-9576A37E36CE}.Debug|Any CPU.Build.0 = Debug|Any CPU
		{A70C0C7F-17FD-4E04-AD6C-9576A37E36CE}.Debug|x64.ActiveCfg = Debug|Any CPU
		{A70C0C7F-17FD-4E04-AD6C-9576A37E36CE}.Debug|x64.Build.0 = Debug|Any CPU
		{A70C0C7F-17FD-4E04-AD6C-9576A37E36CE}.Debug|x86.ActiveCfg = Debug|Any CPU
		{A70C0C7F-17FD-4E04-AD6C-9576A37E36CE}.Debug|x86.Build.0 = Debug|Any CPU
		{A70C0C7F-17FD-4E04-AD6C-9576A37E36CE}.Release|Any CPU.ActiveCfg = Release|Any CPU
		{A70C0C7F-17FD-4E04-AD6C-9576A37E36CE}.Release|Any CPU.Build.0 = Release|Any CPU
		{A70C0C7F-17FD-4E04-AD6C-9576A37E36CE}.Release|x64.ActiveCfg = Release|Any CPU
		{A70C0C7F-17FD-4E04-AD6C-9576A37E36CE}.Release|x64.Build.0 = Release|Any CPU
		{A70C0C7F-17FD-4E04-AD6C-9576A37E36CE}.Release|x86.ActiveCfg = Release|Any CPU
		{A70C0C7F-17FD-4E04-AD6C-9576A37E36CE}.Release|x86.Build.0 = Release|Any CPU
		{A1AC6701-5073-49FC-9AC5-D647E406CF95}.Debug|Any CPU.ActiveCfg = Debug|Any CPU
		{A1AC6701-5073-49FC-9AC5-D647E406CF95}.Debug|Any CPU.Build.0 = Debug|Any CPU
		{A1AC6701-5073-49FC-9AC5-D647E406CF95}.Debug|x64.ActiveCfg = Debug|Any CPU
		{A1AC6701-5073-49FC-9AC5-D647E406CF95}.Debug|x64.Build.0 = Debug|Any CPU
		{A1AC6701-5073-49FC-9AC5-D647E406CF95}.Debug|x86.ActiveCfg = Debug|Any CPU
		{A1AC6701-5073-49FC-9AC5-D647E406CF95}.Debug|x86.Build.0 = Debug|Any CPU
		{A1AC6701-5073-49FC-9AC5-D647E406CF95}.Release|Any CPU.ActiveCfg = Release|Any CPU
		{A1AC6701-5073-49FC-9AC5-D647E406CF95}.Release|Any CPU.Build.0 = Release|Any CPU
		{A1AC6701-5073-49FC-9AC5-D647E406CF95}.Release|x64.ActiveCfg = Release|Any CPU
		{A1AC6701-5073-49FC-9AC5-D647E406CF95}.Release|x64.Build.0 = Release|Any CPU
		{A1AC6701-5073-49FC-9AC5-D647E406CF95}.Release|x86.ActiveCfg = Release|Any CPU
		{A1AC6701-5073-49FC-9AC5-D647E406CF95}.Release|x86.Build.0 = Release|Any CPU
		{1F590E1B-B088-481A-AF8B-72C54B47AFF4}.Debug|Any CPU.ActiveCfg = Debug|Any CPU
		{1F590E1B-B088-481A-AF8B-72C54B47AFF4}.Debug|Any CPU.Build.0 = Debug|Any CPU
		{1F590E1B-B088-481A-AF8B-72C54B47AFF4}.Debug|x64.ActiveCfg = Debug|Any CPU
		{1F590E1B-B088-481A-AF8B-72C54B47AFF4}.Debug|x64.Build.0 = Debug|Any CPU
		{1F590E1B-B088-481A-AF8B-72C54B47AFF4}.Debug|x86.ActiveCfg = Debug|Any CPU
		{1F590E1B-B088-481A-AF8B-72C54B47AFF4}.Debug|x86.Build.0 = Debug|Any CPU
		{1F590E1B-B088-481A-AF8B-72C54B47AFF4}.Release|Any CPU.ActiveCfg = Release|Any CPU
		{1F590E1B-B088-481A-AF8B-72C54B47AFF4}.Release|Any CPU.Build.0 = Release|Any CPU
		{1F590E1B-B088-481A-AF8B-72C54B47AFF4}.Release|x64.ActiveCfg = Release|Any CPU
		{1F590E1B-B088-481A-AF8B-72C54B47AFF4}.Release|x64.Build.0 = Release|Any CPU
		{1F590E1B-B088-481A-AF8B-72C54B47AFF4}.Release|x86.ActiveCfg = Release|Any CPU
		{1F590E1B-B088-481A-AF8B-72C54B47AFF4}.Release|x86.Build.0 = Release|Any CPU
		{50476129-B08B-437C-9B76-2E252D49768E}.Debug|Any CPU.ActiveCfg = Debug|Any CPU
		{50476129-B08B-437C-9B76-2E252D49768E}.Debug|Any CPU.Build.0 = Debug|Any CPU
		{50476129-B08B-437C-9B76-2E252D49768E}.Debug|x64.ActiveCfg = Debug|Any CPU
		{50476129-B08B-437C-9B76-2E252D49768E}.Debug|x64.Build.0 = Debug|Any CPU
		{50476129-B08B-437C-9B76-2E252D49768E}.Debug|x86.ActiveCfg = Debug|Any CPU
		{50476129-B08B-437C-9B76-2E252D49768E}.Debug|x86.Build.0 = Debug|Any CPU
		{50476129-B08B-437C-9B76-2E252D49768E}.Release|Any CPU.ActiveCfg = Release|Any CPU
		{50476129-B08B-437C-9B76-2E252D49768E}.Release|Any CPU.Build.0 = Release|Any CPU
		{50476129-B08B-437C-9B76-2E252D49768E}.Release|x64.ActiveCfg = Release|Any CPU
		{50476129-B08B-437C-9B76-2E252D49768E}.Release|x64.Build.0 = Release|Any CPU
		{50476129-B08B-437C-9B76-2E252D49768E}.Release|x86.ActiveCfg = Release|Any CPU
		{50476129-B08B-437C-9B76-2E252D49768E}.Release|x86.Build.0 = Release|Any CPU
		{4356D227-5B84-4719-BB9A-BE7B9F899A4F}.Debug|Any CPU.ActiveCfg = Debug|Any CPU
		{4356D227-5B84-4719-BB9A-BE7B9F899A4F}.Debug|Any CPU.Build.0 = Debug|Any CPU
		{4356D227-5B84-4719-BB9A-BE7B9F899A4F}.Debug|x64.ActiveCfg = Debug|Any CPU
		{4356D227-5B84-4719-BB9A-BE7B9F899A4F}.Debug|x64.Build.0 = Debug|Any CPU
		{4356D227-5B84-4719-BB9A-BE7B9F899A4F}.Debug|x86.ActiveCfg = Debug|Any CPU
		{4356D227-5B84-4719-BB9A-BE7B9F899A4F}.Debug|x86.Build.0 = Debug|Any CPU
		{4356D227-5B84-4719-BB9A-BE7B9F899A4F}.Release|Any CPU.ActiveCfg = Release|Any CPU
		{4356D227-5B84-4719-BB9A-BE7B9F899A4F}.Release|Any CPU.Build.0 = Release|Any CPU
		{4356D227-5B84-4719-BB9A-BE7B9F899A4F}.Release|x64.ActiveCfg = Release|Any CPU
		{4356D227-5B84-4719-BB9A-BE7B9F899A4F}.Release|x64.Build.0 = Release|Any CPU
		{4356D227-5B84-4719-BB9A-BE7B9F899A4F}.Release|x86.ActiveCfg = Release|Any CPU
		{4356D227-5B84-4719-BB9A-BE7B9F899A4F}.Release|x86.Build.0 = Release|Any CPU
		{03C07BE5-3E30-45FD-8BF1-60DF9FE12299}.Debug|Any CPU.ActiveCfg = Debug|Any CPU
		{03C07BE5-3E30-45FD-8BF1-60DF9FE12299}.Debug|Any CPU.Build.0 = Debug|Any CPU
		{03C07BE5-3E30-45FD-8BF1-60DF9FE12299}.Debug|x64.ActiveCfg = Debug|Any CPU
		{03C07BE5-3E30-45FD-8BF1-60DF9FE12299}.Debug|x64.Build.0 = Debug|Any CPU
		{03C07BE5-3E30-45FD-8BF1-60DF9FE12299}.Debug|x86.ActiveCfg = Debug|Any CPU
		{03C07BE5-3E30-45FD-8BF1-60DF9FE12299}.Debug|x86.Build.0 = Debug|Any CPU
		{03C07BE5-3E30-45FD-8BF1-60DF9FE12299}.Release|Any CPU.ActiveCfg = Release|Any CPU
		{03C07BE5-3E30-45FD-8BF1-60DF9FE12299}.Release|Any CPU.Build.0 = Release|Any CPU
		{03C07BE5-3E30-45FD-8BF1-60DF9FE12299}.Release|x64.ActiveCfg = Release|Any CPU
		{03C07BE5-3E30-45FD-8BF1-60DF9FE12299}.Release|x64.Build.0 = Release|Any CPU
		{03C07BE5-3E30-45FD-8BF1-60DF9FE12299}.Release|x86.ActiveCfg = Release|Any CPU
		{03C07BE5-3E30-45FD-8BF1-60DF9FE12299}.Release|x86.Build.0 = Release|Any CPU
		{86889061-7776-4437-AE1E-183D448C3655}.Debug|Any CPU.ActiveCfg = Debug|Any CPU
		{86889061-7776-4437-AE1E-183D448C3655}.Debug|Any CPU.Build.0 = Debug|Any CPU
		{86889061-7776-4437-AE1E-183D448C3655}.Debug|x64.ActiveCfg = Debug|Any CPU
		{86889061-7776-4437-AE1E-183D448C3655}.Debug|x64.Build.0 = Debug|Any CPU
		{86889061-7776-4437-AE1E-183D448C3655}.Debug|x86.ActiveCfg = Debug|Any CPU
		{86889061-7776-4437-AE1E-183D448C3655}.Debug|x86.Build.0 = Debug|Any CPU
		{86889061-7776-4437-AE1E-183D448C3655}.Release|Any CPU.ActiveCfg = Release|Any CPU
		{86889061-7776-4437-AE1E-183D448C3655}.Release|Any CPU.Build.0 = Release|Any CPU
		{86889061-7776-4437-AE1E-183D448C3655}.Release|x64.ActiveCfg = Release|Any CPU
		{86889061-7776-4437-AE1E-183D448C3655}.Release|x64.Build.0 = Release|Any CPU
		{86889061-7776-4437-AE1E-183D448C3655}.Release|x86.ActiveCfg = Release|Any CPU
		{86889061-7776-4437-AE1E-183D448C3655}.Release|x86.Build.0 = Release|Any CPU
		{27E791AB-81EF-46C7-8AA2-4A71AE015B37}.Debug|Any CPU.ActiveCfg = Debug|Any CPU
		{27E791AB-81EF-46C7-8AA2-4A71AE015B37}.Debug|Any CPU.Build.0 = Debug|Any CPU
		{27E791AB-81EF-46C7-8AA2-4A71AE015B37}.Debug|x64.ActiveCfg = Debug|Any CPU
		{27E791AB-81EF-46C7-8AA2-4A71AE015B37}.Debug|x64.Build.0 = Debug|Any CPU
		{27E791AB-81EF-46C7-8AA2-4A71AE015B37}.Debug|x86.ActiveCfg = Debug|Any CPU
		{27E791AB-81EF-46C7-8AA2-4A71AE015B37}.Debug|x86.Build.0 = Debug|Any CPU
		{27E791AB-81EF-46C7-8AA2-4A71AE015B37}.Release|Any CPU.ActiveCfg = Release|Any CPU
		{27E791AB-81EF-46C7-8AA2-4A71AE015B37}.Release|Any CPU.Build.0 = Release|Any CPU
		{27E791AB-81EF-46C7-8AA2-4A71AE015B37}.Release|x64.ActiveCfg = Release|Any CPU
		{27E791AB-81EF-46C7-8AA2-4A71AE015B37}.Release|x64.Build.0 = Release|Any CPU
		{27E791AB-81EF-46C7-8AA2-4A71AE015B37}.Release|x86.ActiveCfg = Release|Any CPU
		{27E791AB-81EF-46C7-8AA2-4A71AE015B37}.Release|x86.Build.0 = Release|Any CPU
		{8EE8AAE7-0833-4C69-A5C8-E5641B4D1D84}.Debug|Any CPU.ActiveCfg = Debug|Any CPU
		{8EE8AAE7-0833-4C69-A5C8-E5641B4D1D84}.Debug|Any CPU.Build.0 = Debug|Any CPU
		{8EE8AAE7-0833-4C69-A5C8-E5641B4D1D84}.Debug|x64.ActiveCfg = Debug|Any CPU
		{8EE8AAE7-0833-4C69-A5C8-E5641B4D1D84}.Debug|x64.Build.0 = Debug|Any CPU
		{8EE8AAE7-0833-4C69-A5C8-E5641B4D1D84}.Debug|x86.ActiveCfg = Debug|Any CPU
		{8EE8AAE7-0833-4C69-A5C8-E5641B4D1D84}.Debug|x86.Build.0 = Debug|Any CPU
		{8EE8AAE7-0833-4C69-A5C8-E5641B4D1D84}.Release|Any CPU.ActiveCfg = Release|Any CPU
		{8EE8AAE7-0833-4C69-A5C8-E5641B4D1D84}.Release|Any CPU.Build.0 = Release|Any CPU
		{8EE8AAE7-0833-4C69-A5C8-E5641B4D1D84}.Release|x64.ActiveCfg = Release|Any CPU
		{8EE8AAE7-0833-4C69-A5C8-E5641B4D1D84}.Release|x64.Build.0 = Release|Any CPU
		{8EE8AAE7-0833-4C69-A5C8-E5641B4D1D84}.Release|x86.ActiveCfg = Release|Any CPU
		{8EE8AAE7-0833-4C69-A5C8-E5641B4D1D84}.Release|x86.Build.0 = Release|Any CPU
		{ADD3B48E-D6E9-4178-A68E-09F1C43D5DEB}.Debug|Any CPU.ActiveCfg = Debug|Any CPU
		{ADD3B48E-D6E9-4178-A68E-09F1C43D5DEB}.Debug|Any CPU.Build.0 = Debug|Any CPU
		{ADD3B48E-D6E9-4178-A68E-09F1C43D5DEB}.Debug|x64.ActiveCfg = Debug|Any CPU
		{ADD3B48E-D6E9-4178-A68E-09F1C43D5DEB}.Debug|x64.Build.0 = Debug|Any CPU
		{ADD3B48E-D6E9-4178-A68E-09F1C43D5DEB}.Debug|x86.ActiveCfg = Debug|Any CPU
		{ADD3B48E-D6E9-4178-A68E-09F1C43D5DEB}.Debug|x86.Build.0 = Debug|Any CPU
		{ADD3B48E-D6E9-4178-A68E-09F1C43D5DEB}.Release|Any CPU.ActiveCfg = Release|Any CPU
		{ADD3B48E-D6E9-4178-A68E-09F1C43D5DEB}.Release|Any CPU.Build.0 = Release|Any CPU
		{ADD3B48E-D6E9-4178-A68E-09F1C43D5DEB}.Release|x64.ActiveCfg = Release|Any CPU
		{ADD3B48E-D6E9-4178-A68E-09F1C43D5DEB}.Release|x64.Build.0 = Release|Any CPU
		{ADD3B48E-D6E9-4178-A68E-09F1C43D5DEB}.Release|x86.ActiveCfg = Release|Any CPU
		{ADD3B48E-D6E9-4178-A68E-09F1C43D5DEB}.Release|x86.Build.0 = Release|Any CPU
		{2423762F-2B5C-4833-838F-56069424CC2D}.Debug|Any CPU.ActiveCfg = Debug|Any CPU
		{2423762F-2B5C-4833-838F-56069424CC2D}.Debug|Any CPU.Build.0 = Debug|Any CPU
		{2423762F-2B5C-4833-838F-56069424CC2D}.Debug|x64.ActiveCfg = Debug|Any CPU
		{2423762F-2B5C-4833-838F-56069424CC2D}.Debug|x64.Build.0 = Debug|Any CPU
		{2423762F-2B5C-4833-838F-56069424CC2D}.Debug|x86.ActiveCfg = Debug|Any CPU
		{2423762F-2B5C-4833-838F-56069424CC2D}.Debug|x86.Build.0 = Debug|Any CPU
		{2423762F-2B5C-4833-838F-56069424CC2D}.Release|Any CPU.ActiveCfg = Release|Any CPU
		{2423762F-2B5C-4833-838F-56069424CC2D}.Release|Any CPU.Build.0 = Release|Any CPU
		{2423762F-2B5C-4833-838F-56069424CC2D}.Release|x64.ActiveCfg = Release|Any CPU
		{2423762F-2B5C-4833-838F-56069424CC2D}.Release|x64.Build.0 = Release|Any CPU
		{2423762F-2B5C-4833-838F-56069424CC2D}.Release|x86.ActiveCfg = Release|Any CPU
		{2423762F-2B5C-4833-838F-56069424CC2D}.Release|x86.Build.0 = Release|Any CPU
		{CE240C45-77A5-4751-B06E-BE6DFF01B9D9}.Debug|Any CPU.ActiveCfg = Debug|Any CPU
		{CE240C45-77A5-4751-B06E-BE6DFF01B9D9}.Debug|Any CPU.Build.0 = Debug|Any CPU
		{CE240C45-77A5-4751-B06E-BE6DFF01B9D9}.Debug|x64.ActiveCfg = Debug|Any CPU
		{CE240C45-77A5-4751-B06E-BE6DFF01B9D9}.Debug|x64.Build.0 = Debug|Any CPU
		{CE240C45-77A5-4751-B06E-BE6DFF01B9D9}.Debug|x86.ActiveCfg = Debug|Any CPU
		{CE240C45-77A5-4751-B06E-BE6DFF01B9D9}.Debug|x86.Build.0 = Debug|Any CPU
		{CE240C45-77A5-4751-B06E-BE6DFF01B9D9}.Release|Any CPU.ActiveCfg = Release|Any CPU
		{CE240C45-77A5-4751-B06E-BE6DFF01B9D9}.Release|Any CPU.Build.0 = Release|Any CPU
		{CE240C45-77A5-4751-B06E-BE6DFF01B9D9}.Release|x64.ActiveCfg = Release|Any CPU
		{CE240C45-77A5-4751-B06E-BE6DFF01B9D9}.Release|x64.Build.0 = Release|Any CPU
		{CE240C45-77A5-4751-B06E-BE6DFF01B9D9}.Release|x86.ActiveCfg = Release|Any CPU
		{CE240C45-77A5-4751-B06E-BE6DFF01B9D9}.Release|x86.Build.0 = Release|Any CPU
		{E6C39108-982E-4E39-BC85-C90AA5269446}.Debug|Any CPU.ActiveCfg = Debug|Any CPU
		{E6C39108-982E-4E39-BC85-C90AA5269446}.Debug|Any CPU.Build.0 = Debug|Any CPU
		{E6C39108-982E-4E39-BC85-C90AA5269446}.Debug|x64.ActiveCfg = Debug|Any CPU
		{E6C39108-982E-4E39-BC85-C90AA5269446}.Debug|x64.Build.0 = Debug|Any CPU
		{E6C39108-982E-4E39-BC85-C90AA5269446}.Debug|x86.ActiveCfg = Debug|Any CPU
		{E6C39108-982E-4E39-BC85-C90AA5269446}.Debug|x86.Build.0 = Debug|Any CPU
		{E6C39108-982E-4E39-BC85-C90AA5269446}.Release|Any CPU.ActiveCfg = Release|Any CPU
		{E6C39108-982E-4E39-BC85-C90AA5269446}.Release|Any CPU.Build.0 = Release|Any CPU
		{E6C39108-982E-4E39-BC85-C90AA5269446}.Release|x64.ActiveCfg = Release|Any CPU
		{E6C39108-982E-4E39-BC85-C90AA5269446}.Release|x64.Build.0 = Release|Any CPU
		{E6C39108-982E-4E39-BC85-C90AA5269446}.Release|x86.ActiveCfg = Release|Any CPU
		{E6C39108-982E-4E39-BC85-C90AA5269446}.Release|x86.Build.0 = Release|Any CPU
		{D9027153-6CE2-4249-88CC-8AE45F674CE2}.Debug|Any CPU.ActiveCfg = Debug|Any CPU
		{D9027153-6CE2-4249-88CC-8AE45F674CE2}.Debug|Any CPU.Build.0 = Debug|Any CPU
		{D9027153-6CE2-4249-88CC-8AE45F674CE2}.Debug|x64.ActiveCfg = Debug|Any CPU
		{D9027153-6CE2-4249-88CC-8AE45F674CE2}.Debug|x64.Build.0 = Debug|Any CPU
		{D9027153-6CE2-4249-88CC-8AE45F674CE2}.Debug|x86.ActiveCfg = Debug|Any CPU
		{D9027153-6CE2-4249-88CC-8AE45F674CE2}.Debug|x86.Build.0 = Debug|Any CPU
		{D9027153-6CE2-4249-88CC-8AE45F674CE2}.Release|Any CPU.ActiveCfg = Release|Any CPU
		{D9027153-6CE2-4249-88CC-8AE45F674CE2}.Release|Any CPU.Build.0 = Release|Any CPU
		{D9027153-6CE2-4249-88CC-8AE45F674CE2}.Release|x64.ActiveCfg = Release|Any CPU
		{D9027153-6CE2-4249-88CC-8AE45F674CE2}.Release|x64.Build.0 = Release|Any CPU
		{D9027153-6CE2-4249-88CC-8AE45F674CE2}.Release|x86.ActiveCfg = Release|Any CPU
		{D9027153-6CE2-4249-88CC-8AE45F674CE2}.Release|x86.Build.0 = Release|Any CPU
		{6D3553AD-42E6-4BB1-83E9-799BE044C4CA}.Debug|Any CPU.ActiveCfg = Debug|Any CPU
		{6D3553AD-42E6-4BB1-83E9-799BE044C4CA}.Debug|Any CPU.Build.0 = Debug|Any CPU
		{6D3553AD-42E6-4BB1-83E9-799BE044C4CA}.Debug|x64.ActiveCfg = Debug|Any CPU
		{6D3553AD-42E6-4BB1-83E9-799BE044C4CA}.Debug|x64.Build.0 = Debug|Any CPU
		{6D3553AD-42E6-4BB1-83E9-799BE044C4CA}.Debug|x86.ActiveCfg = Debug|Any CPU
		{6D3553AD-42E6-4BB1-83E9-799BE044C4CA}.Debug|x86.Build.0 = Debug|Any CPU
		{6D3553AD-42E6-4BB1-83E9-799BE044C4CA}.Release|Any CPU.ActiveCfg = Release|Any CPU
		{6D3553AD-42E6-4BB1-83E9-799BE044C4CA}.Release|Any CPU.Build.0 = Release|Any CPU
		{6D3553AD-42E6-4BB1-83E9-799BE044C4CA}.Release|x64.ActiveCfg = Release|Any CPU
		{6D3553AD-42E6-4BB1-83E9-799BE044C4CA}.Release|x64.Build.0 = Release|Any CPU
		{6D3553AD-42E6-4BB1-83E9-799BE044C4CA}.Release|x86.ActiveCfg = Release|Any CPU
		{6D3553AD-42E6-4BB1-83E9-799BE044C4CA}.Release|x86.Build.0 = Release|Any CPU
		{72FDBD41-FE54-4647-811F-2F14678E8283}.Debug|Any CPU.ActiveCfg = Debug|Any CPU
		{72FDBD41-FE54-4647-811F-2F14678E8283}.Debug|Any CPU.Build.0 = Debug|Any CPU
		{72FDBD41-FE54-4647-811F-2F14678E8283}.Debug|x64.ActiveCfg = Debug|Any CPU
		{72FDBD41-FE54-4647-811F-2F14678E8283}.Debug|x64.Build.0 = Debug|Any CPU
		{72FDBD41-FE54-4647-811F-2F14678E8283}.Debug|x86.ActiveCfg = Debug|Any CPU
		{72FDBD41-FE54-4647-811F-2F14678E8283}.Debug|x86.Build.0 = Debug|Any CPU
		{72FDBD41-FE54-4647-811F-2F14678E8283}.Release|Any CPU.ActiveCfg = Release|Any CPU
		{72FDBD41-FE54-4647-811F-2F14678E8283}.Release|Any CPU.Build.0 = Release|Any CPU
		{72FDBD41-FE54-4647-811F-2F14678E8283}.Release|x64.ActiveCfg = Release|Any CPU
		{72FDBD41-FE54-4647-811F-2F14678E8283}.Release|x64.Build.0 = Release|Any CPU
		{72FDBD41-FE54-4647-811F-2F14678E8283}.Release|x86.ActiveCfg = Release|Any CPU
		{72FDBD41-FE54-4647-811F-2F14678E8283}.Release|x86.Build.0 = Release|Any CPU
		{979C9A98-F0FF-4B4A-AE0C-C6837C989E64}.Debug|Any CPU.ActiveCfg = Debug|Any CPU
		{979C9A98-F0FF-4B4A-AE0C-C6837C989E64}.Debug|Any CPU.Build.0 = Debug|Any CPU
		{979C9A98-F0FF-4B4A-AE0C-C6837C989E64}.Debug|x64.ActiveCfg = Debug|Any CPU
		{979C9A98-F0FF-4B4A-AE0C-C6837C989E64}.Debug|x64.Build.0 = Debug|Any CPU
		{979C9A98-F0FF-4B4A-AE0C-C6837C989E64}.Debug|x86.ActiveCfg = Debug|Any CPU
		{979C9A98-F0FF-4B4A-AE0C-C6837C989E64}.Debug|x86.Build.0 = Debug|Any CPU
		{979C9A98-F0FF-4B4A-AE0C-C6837C989E64}.Release|Any CPU.ActiveCfg = Release|Any CPU
		{979C9A98-F0FF-4B4A-AE0C-C6837C989E64}.Release|Any CPU.Build.0 = Release|Any CPU
		{979C9A98-F0FF-4B4A-AE0C-C6837C989E64}.Release|x64.ActiveCfg = Release|Any CPU
		{979C9A98-F0FF-4B4A-AE0C-C6837C989E64}.Release|x64.Build.0 = Release|Any CPU
		{979C9A98-F0FF-4B4A-AE0C-C6837C989E64}.Release|x86.ActiveCfg = Release|Any CPU
		{979C9A98-F0FF-4B4A-AE0C-C6837C989E64}.Release|x86.Build.0 = Release|Any CPU
		{1870ECAF-61A3-4546-B4CE-0C6CC0B88B2D}.Debug|Any CPU.ActiveCfg = Debug|Any CPU
		{1870ECAF-61A3-4546-B4CE-0C6CC0B88B2D}.Debug|Any CPU.Build.0 = Debug|Any CPU
		{1870ECAF-61A3-4546-B4CE-0C6CC0B88B2D}.Debug|x64.ActiveCfg = Debug|Any CPU
		{1870ECAF-61A3-4546-B4CE-0C6CC0B88B2D}.Debug|x64.Build.0 = Debug|Any CPU
		{1870ECAF-61A3-4546-B4CE-0C6CC0B88B2D}.Debug|x86.ActiveCfg = Debug|Any CPU
		{1870ECAF-61A3-4546-B4CE-0C6CC0B88B2D}.Debug|x86.Build.0 = Debug|Any CPU
		{1870ECAF-61A3-4546-B4CE-0C6CC0B88B2D}.Release|Any CPU.ActiveCfg = Release|Any CPU
		{1870ECAF-61A3-4546-B4CE-0C6CC0B88B2D}.Release|Any CPU.Build.0 = Release|Any CPU
		{1870ECAF-61A3-4546-B4CE-0C6CC0B88B2D}.Release|x64.ActiveCfg = Release|Any CPU
		{1870ECAF-61A3-4546-B4CE-0C6CC0B88B2D}.Release|x64.Build.0 = Release|Any CPU
		{1870ECAF-61A3-4546-B4CE-0C6CC0B88B2D}.Release|x86.ActiveCfg = Release|Any CPU
		{1870ECAF-61A3-4546-B4CE-0C6CC0B88B2D}.Release|x86.Build.0 = Release|Any CPU
		{3970FA24-92A9-42A3-8055-38C0BA5DBF60}.Debug|Any CPU.ActiveCfg = Debug|Any CPU
		{3970FA24-92A9-42A3-8055-38C0BA5DBF60}.Debug|Any CPU.Build.0 = Debug|Any CPU
		{3970FA24-92A9-42A3-8055-38C0BA5DBF60}.Debug|x64.ActiveCfg = Debug|Any CPU
		{3970FA24-92A9-42A3-8055-38C0BA5DBF60}.Debug|x64.Build.0 = Debug|Any CPU
		{3970FA24-92A9-42A3-8055-38C0BA5DBF60}.Debug|x86.ActiveCfg = Debug|Any CPU
		{3970FA24-92A9-42A3-8055-38C0BA5DBF60}.Debug|x86.Build.0 = Debug|Any CPU
		{3970FA24-92A9-42A3-8055-38C0BA5DBF60}.Release|Any CPU.ActiveCfg = Release|Any CPU
		{3970FA24-92A9-42A3-8055-38C0BA5DBF60}.Release|Any CPU.Build.0 = Release|Any CPU
		{3970FA24-92A9-42A3-8055-38C0BA5DBF60}.Release|x64.ActiveCfg = Release|Any CPU
		{3970FA24-92A9-42A3-8055-38C0BA5DBF60}.Release|x64.Build.0 = Release|Any CPU
		{3970FA24-92A9-42A3-8055-38C0BA5DBF60}.Release|x86.ActiveCfg = Release|Any CPU
		{3970FA24-92A9-42A3-8055-38C0BA5DBF60}.Release|x86.Build.0 = Release|Any CPU
		{AA796269-6722-45B8-8094-BEF8E7390980}.Debug|Any CPU.ActiveCfg = Debug|Any CPU
		{AA796269-6722-45B8-8094-BEF8E7390980}.Debug|Any CPU.Build.0 = Debug|Any CPU
		{AA796269-6722-45B8-8094-BEF8E7390980}.Debug|x64.ActiveCfg = Debug|Any CPU
		{AA796269-6722-45B8-8094-BEF8E7390980}.Debug|x64.Build.0 = Debug|Any CPU
		{AA796269-6722-45B8-8094-BEF8E7390980}.Debug|x86.ActiveCfg = Debug|Any CPU
		{AA796269-6722-45B8-8094-BEF8E7390980}.Debug|x86.Build.0 = Debug|Any CPU
		{AA796269-6722-45B8-8094-BEF8E7390980}.Release|Any CPU.ActiveCfg = Release|Any CPU
		{AA796269-6722-45B8-8094-BEF8E7390980}.Release|Any CPU.Build.0 = Release|Any CPU
		{AA796269-6722-45B8-8094-BEF8E7390980}.Release|x64.ActiveCfg = Release|Any CPU
		{AA796269-6722-45B8-8094-BEF8E7390980}.Release|x64.Build.0 = Release|Any CPU
		{AA796269-6722-45B8-8094-BEF8E7390980}.Release|x86.ActiveCfg = Release|Any CPU
		{AA796269-6722-45B8-8094-BEF8E7390980}.Release|x86.Build.0 = Release|Any CPU
		{62E9E93C-ED6C-4382-AE0C-7B03DFF4E7B8}.Debug|Any CPU.ActiveCfg = Debug|Any CPU
		{62E9E93C-ED6C-4382-AE0C-7B03DFF4E7B8}.Debug|Any CPU.Build.0 = Debug|Any CPU
		{62E9E93C-ED6C-4382-AE0C-7B03DFF4E7B8}.Debug|x64.ActiveCfg = Debug|Any CPU
		{62E9E93C-ED6C-4382-AE0C-7B03DFF4E7B8}.Debug|x64.Build.0 = Debug|Any CPU
		{62E9E93C-ED6C-4382-AE0C-7B03DFF4E7B8}.Debug|x86.ActiveCfg = Debug|Any CPU
		{62E9E93C-ED6C-4382-AE0C-7B03DFF4E7B8}.Debug|x86.Build.0 = Debug|Any CPU
		{62E9E93C-ED6C-4382-AE0C-7B03DFF4E7B8}.Release|Any CPU.ActiveCfg = Release|Any CPU
		{62E9E93C-ED6C-4382-AE0C-7B03DFF4E7B8}.Release|Any CPU.Build.0 = Release|Any CPU
		{62E9E93C-ED6C-4382-AE0C-7B03DFF4E7B8}.Release|x64.ActiveCfg = Release|Any CPU
		{62E9E93C-ED6C-4382-AE0C-7B03DFF4E7B8}.Release|x64.Build.0 = Release|Any CPU
		{62E9E93C-ED6C-4382-AE0C-7B03DFF4E7B8}.Release|x86.ActiveCfg = Release|Any CPU
		{62E9E93C-ED6C-4382-AE0C-7B03DFF4E7B8}.Release|x86.Build.0 = Release|Any CPU
		{6291B1A9-287D-41AB-8B4E-59B50694FB82}.Debug|Any CPU.ActiveCfg = Debug|Any CPU
		{6291B1A9-287D-41AB-8B4E-59B50694FB82}.Debug|Any CPU.Build.0 = Debug|Any CPU
		{6291B1A9-287D-41AB-8B4E-59B50694FB82}.Debug|x64.ActiveCfg = Debug|Any CPU
		{6291B1A9-287D-41AB-8B4E-59B50694FB82}.Debug|x64.Build.0 = Debug|Any CPU
		{6291B1A9-287D-41AB-8B4E-59B50694FB82}.Debug|x86.ActiveCfg = Debug|Any CPU
		{6291B1A9-287D-41AB-8B4E-59B50694FB82}.Debug|x86.Build.0 = Debug|Any CPU
		{6291B1A9-287D-41AB-8B4E-59B50694FB82}.Release|Any CPU.ActiveCfg = Release|Any CPU
		{6291B1A9-287D-41AB-8B4E-59B50694FB82}.Release|Any CPU.Build.0 = Release|Any CPU
		{6291B1A9-287D-41AB-8B4E-59B50694FB82}.Release|x64.ActiveCfg = Release|Any CPU
		{6291B1A9-287D-41AB-8B4E-59B50694FB82}.Release|x64.Build.0 = Release|Any CPU
		{6291B1A9-287D-41AB-8B4E-59B50694FB82}.Release|x86.ActiveCfg = Release|Any CPU
		{6291B1A9-287D-41AB-8B4E-59B50694FB82}.Release|x86.Build.0 = Release|Any CPU
		{515ECB0E-36EC-474C-8A6D-D859AAC1F191}.Debug|Any CPU.ActiveCfg = Debug|Any CPU
		{515ECB0E-36EC-474C-8A6D-D859AAC1F191}.Debug|Any CPU.Build.0 = Debug|Any CPU
		{515ECB0E-36EC-474C-8A6D-D859AAC1F191}.Debug|x64.ActiveCfg = Debug|Any CPU
		{515ECB0E-36EC-474C-8A6D-D859AAC1F191}.Debug|x64.Build.0 = Debug|Any CPU
		{515ECB0E-36EC-474C-8A6D-D859AAC1F191}.Debug|x86.ActiveCfg = Debug|Any CPU
		{515ECB0E-36EC-474C-8A6D-D859AAC1F191}.Debug|x86.Build.0 = Debug|Any CPU
		{515ECB0E-36EC-474C-8A6D-D859AAC1F191}.Release|Any CPU.ActiveCfg = Release|Any CPU
		{515ECB0E-36EC-474C-8A6D-D859AAC1F191}.Release|Any CPU.Build.0 = Release|Any CPU
		{515ECB0E-36EC-474C-8A6D-D859AAC1F191}.Release|x64.ActiveCfg = Release|Any CPU
		{515ECB0E-36EC-474C-8A6D-D859AAC1F191}.Release|x64.Build.0 = Release|Any CPU
		{515ECB0E-36EC-474C-8A6D-D859AAC1F191}.Release|x86.ActiveCfg = Release|Any CPU
		{515ECB0E-36EC-474C-8A6D-D859AAC1F191}.Release|x86.Build.0 = Release|Any CPU
		{9FA9C282-3CF7-480F-9B30-DAB53C786A77}.Debug|Any CPU.ActiveCfg = Debug|Any CPU
		{9FA9C282-3CF7-480F-9B30-DAB53C786A77}.Debug|Any CPU.Build.0 = Debug|Any CPU
		{9FA9C282-3CF7-480F-9B30-DAB53C786A77}.Debug|x64.ActiveCfg = Debug|Any CPU
		{9FA9C282-3CF7-480F-9B30-DAB53C786A77}.Debug|x64.Build.0 = Debug|Any CPU
		{9FA9C282-3CF7-480F-9B30-DAB53C786A77}.Debug|x86.ActiveCfg = Debug|Any CPU
		{9FA9C282-3CF7-480F-9B30-DAB53C786A77}.Debug|x86.Build.0 = Debug|Any CPU
		{9FA9C282-3CF7-480F-9B30-DAB53C786A77}.Release|Any CPU.ActiveCfg = Release|Any CPU
		{9FA9C282-3CF7-480F-9B30-DAB53C786A77}.Release|Any CPU.Build.0 = Release|Any CPU
		{9FA9C282-3CF7-480F-9B30-DAB53C786A77}.Release|x64.ActiveCfg = Release|Any CPU
		{9FA9C282-3CF7-480F-9B30-DAB53C786A77}.Release|x64.Build.0 = Release|Any CPU
		{9FA9C282-3CF7-480F-9B30-DAB53C786A77}.Release|x86.ActiveCfg = Release|Any CPU
		{9FA9C282-3CF7-480F-9B30-DAB53C786A77}.Release|x86.Build.0 = Release|Any CPU
		{5FFD413C-6B7E-4818-A73E-318A08028A75}.Debug|Any CPU.ActiveCfg = Debug|Any CPU
		{5FFD413C-6B7E-4818-A73E-318A08028A75}.Debug|Any CPU.Build.0 = Debug|Any CPU
		{5FFD413C-6B7E-4818-A73E-318A08028A75}.Debug|x64.ActiveCfg = Debug|Any CPU
		{5FFD413C-6B7E-4818-A73E-318A08028A75}.Debug|x64.Build.0 = Debug|Any CPU
		{5FFD413C-6B7E-4818-A73E-318A08028A75}.Debug|x86.ActiveCfg = Debug|Any CPU
		{5FFD413C-6B7E-4818-A73E-318A08028A75}.Debug|x86.Build.0 = Debug|Any CPU
		{5FFD413C-6B7E-4818-A73E-318A08028A75}.Release|Any CPU.ActiveCfg = Release|Any CPU
		{5FFD413C-6B7E-4818-A73E-318A08028A75}.Release|Any CPU.Build.0 = Release|Any CPU
		{5FFD413C-6B7E-4818-A73E-318A08028A75}.Release|x64.ActiveCfg = Release|Any CPU
		{5FFD413C-6B7E-4818-A73E-318A08028A75}.Release|x64.Build.0 = Release|Any CPU
		{5FFD413C-6B7E-4818-A73E-318A08028A75}.Release|x86.ActiveCfg = Release|Any CPU
		{5FFD413C-6B7E-4818-A73E-318A08028A75}.Release|x86.Build.0 = Release|Any CPU
		{9B35AEA6-4361-42D2-BD9A-703A3BE5DD52}.Debug|Any CPU.ActiveCfg = Debug|Any CPU
		{9B35AEA6-4361-42D2-BD9A-703A3BE5DD52}.Debug|Any CPU.Build.0 = Debug|Any CPU
		{9B35AEA6-4361-42D2-BD9A-703A3BE5DD52}.Debug|x64.ActiveCfg = Debug|Any CPU
		{9B35AEA6-4361-42D2-BD9A-703A3BE5DD52}.Debug|x64.Build.0 = Debug|Any CPU
		{9B35AEA6-4361-42D2-BD9A-703A3BE5DD52}.Debug|x86.ActiveCfg = Debug|Any CPU
		{9B35AEA6-4361-42D2-BD9A-703A3BE5DD52}.Debug|x86.Build.0 = Debug|Any CPU
		{9B35AEA6-4361-42D2-BD9A-703A3BE5DD52}.Release|Any CPU.ActiveCfg = Release|Any CPU
		{9B35AEA6-4361-42D2-BD9A-703A3BE5DD52}.Release|Any CPU.Build.0 = Release|Any CPU
		{9B35AEA6-4361-42D2-BD9A-703A3BE5DD52}.Release|x64.ActiveCfg = Release|Any CPU
		{9B35AEA6-4361-42D2-BD9A-703A3BE5DD52}.Release|x64.Build.0 = Release|Any CPU
		{9B35AEA6-4361-42D2-BD9A-703A3BE5DD52}.Release|x86.ActiveCfg = Release|Any CPU
		{9B35AEA6-4361-42D2-BD9A-703A3BE5DD52}.Release|x86.Build.0 = Release|Any CPU
		{E13756AE-2E1E-4A89-9264-0C242D1670F7}.Debug|Any CPU.ActiveCfg = Debug|Any CPU
		{E13756AE-2E1E-4A89-9264-0C242D1670F7}.Debug|Any CPU.Build.0 = Debug|Any CPU
		{E13756AE-2E1E-4A89-9264-0C242D1670F7}.Debug|x64.ActiveCfg = Debug|Any CPU
		{E13756AE-2E1E-4A89-9264-0C242D1670F7}.Debug|x64.Build.0 = Debug|Any CPU
		{E13756AE-2E1E-4A89-9264-0C242D1670F7}.Debug|x86.ActiveCfg = Debug|Any CPU
		{E13756AE-2E1E-4A89-9264-0C242D1670F7}.Debug|x86.Build.0 = Debug|Any CPU
		{E13756AE-2E1E-4A89-9264-0C242D1670F7}.Release|Any CPU.ActiveCfg = Release|Any CPU
		{E13756AE-2E1E-4A89-9264-0C242D1670F7}.Release|Any CPU.Build.0 = Release|Any CPU
		{E13756AE-2E1E-4A89-9264-0C242D1670F7}.Release|x64.ActiveCfg = Release|Any CPU
		{E13756AE-2E1E-4A89-9264-0C242D1670F7}.Release|x64.Build.0 = Release|Any CPU
		{E13756AE-2E1E-4A89-9264-0C242D1670F7}.Release|x86.ActiveCfg = Release|Any CPU
		{E13756AE-2E1E-4A89-9264-0C242D1670F7}.Release|x86.Build.0 = Release|Any CPU
		{D3FB155A-9F6A-4F13-9A4F-7EACAACEE8D1}.Debug|Any CPU.ActiveCfg = Debug|Any CPU
		{D3FB155A-9F6A-4F13-9A4F-7EACAACEE8D1}.Debug|Any CPU.Build.0 = Debug|Any CPU
		{D3FB155A-9F6A-4F13-9A4F-7EACAACEE8D1}.Debug|x64.ActiveCfg = Debug|Any CPU
		{D3FB155A-9F6A-4F13-9A4F-7EACAACEE8D1}.Debug|x64.Build.0 = Debug|Any CPU
		{D3FB155A-9F6A-4F13-9A4F-7EACAACEE8D1}.Debug|x86.ActiveCfg = Debug|Any CPU
		{D3FB155A-9F6A-4F13-9A4F-7EACAACEE8D1}.Debug|x86.Build.0 = Debug|Any CPU
		{D3FB155A-9F6A-4F13-9A4F-7EACAACEE8D1}.Release|Any CPU.ActiveCfg = Release|Any CPU
		{D3FB155A-9F6A-4F13-9A4F-7EACAACEE8D1}.Release|Any CPU.Build.0 = Release|Any CPU
		{D3FB155A-9F6A-4F13-9A4F-7EACAACEE8D1}.Release|x64.ActiveCfg = Release|Any CPU
		{D3FB155A-9F6A-4F13-9A4F-7EACAACEE8D1}.Release|x64.Build.0 = Release|Any CPU
		{D3FB155A-9F6A-4F13-9A4F-7EACAACEE8D1}.Release|x86.ActiveCfg = Release|Any CPU
		{D3FB155A-9F6A-4F13-9A4F-7EACAACEE8D1}.Release|x86.Build.0 = Release|Any CPU
		{85C57313-4A89-47CE-9179-655057FC35AD}.Debug|Any CPU.ActiveCfg = Debug|Any CPU
		{85C57313-4A89-47CE-9179-655057FC35AD}.Debug|Any CPU.Build.0 = Debug|Any CPU
		{85C57313-4A89-47CE-9179-655057FC35AD}.Debug|x64.ActiveCfg = Debug|Any CPU
		{85C57313-4A89-47CE-9179-655057FC35AD}.Debug|x64.Build.0 = Debug|Any CPU
		{85C57313-4A89-47CE-9179-655057FC35AD}.Debug|x86.ActiveCfg = Debug|Any CPU
		{85C57313-4A89-47CE-9179-655057FC35AD}.Debug|x86.Build.0 = Debug|Any CPU
		{85C57313-4A89-47CE-9179-655057FC35AD}.Release|Any CPU.ActiveCfg = Release|Any CPU
		{85C57313-4A89-47CE-9179-655057FC35AD}.Release|Any CPU.Build.0 = Release|Any CPU
		{85C57313-4A89-47CE-9179-655057FC35AD}.Release|x64.ActiveCfg = Release|Any CPU
		{85C57313-4A89-47CE-9179-655057FC35AD}.Release|x64.Build.0 = Release|Any CPU
		{85C57313-4A89-47CE-9179-655057FC35AD}.Release|x86.ActiveCfg = Release|Any CPU
		{85C57313-4A89-47CE-9179-655057FC35AD}.Release|x86.Build.0 = Release|Any CPU
		{0BD7A097-BC35-49AB-8A9C-D33D35D80045}.Debug|Any CPU.ActiveCfg = Debug|Any CPU
		{0BD7A097-BC35-49AB-8A9C-D33D35D80045}.Debug|Any CPU.Build.0 = Debug|Any CPU
		{0BD7A097-BC35-49AB-8A9C-D33D35D80045}.Debug|x64.ActiveCfg = Debug|Any CPU
		{0BD7A097-BC35-49AB-8A9C-D33D35D80045}.Debug|x64.Build.0 = Debug|Any CPU
		{0BD7A097-BC35-49AB-8A9C-D33D35D80045}.Debug|x86.ActiveCfg = Debug|Any CPU
		{0BD7A097-BC35-49AB-8A9C-D33D35D80045}.Debug|x86.Build.0 = Debug|Any CPU
		{0BD7A097-BC35-49AB-8A9C-D33D35D80045}.Release|Any CPU.ActiveCfg = Release|Any CPU
		{0BD7A097-BC35-49AB-8A9C-D33D35D80045}.Release|Any CPU.Build.0 = Release|Any CPU
		{0BD7A097-BC35-49AB-8A9C-D33D35D80045}.Release|x64.ActiveCfg = Release|Any CPU
		{0BD7A097-BC35-49AB-8A9C-D33D35D80045}.Release|x64.Build.0 = Release|Any CPU
		{0BD7A097-BC35-49AB-8A9C-D33D35D80045}.Release|x86.ActiveCfg = Release|Any CPU
		{0BD7A097-BC35-49AB-8A9C-D33D35D80045}.Release|x86.Build.0 = Release|Any CPU
		{1CBF6649-EA53-4D8D-AFDD-162875157334}.Debug|Any CPU.ActiveCfg = Debug|Any CPU
		{1CBF6649-EA53-4D8D-AFDD-162875157334}.Debug|Any CPU.Build.0 = Debug|Any CPU
		{1CBF6649-EA53-4D8D-AFDD-162875157334}.Debug|x64.ActiveCfg = Debug|Any CPU
		{1CBF6649-EA53-4D8D-AFDD-162875157334}.Debug|x64.Build.0 = Debug|Any CPU
		{1CBF6649-EA53-4D8D-AFDD-162875157334}.Debug|x86.ActiveCfg = Debug|Any CPU
		{1CBF6649-EA53-4D8D-AFDD-162875157334}.Debug|x86.Build.0 = Debug|Any CPU
		{1CBF6649-EA53-4D8D-AFDD-162875157334}.Release|Any CPU.ActiveCfg = Release|Any CPU
		{1CBF6649-EA53-4D8D-AFDD-162875157334}.Release|Any CPU.Build.0 = Release|Any CPU
		{1CBF6649-EA53-4D8D-AFDD-162875157334}.Release|x64.ActiveCfg = Release|Any CPU
		{1CBF6649-EA53-4D8D-AFDD-162875157334}.Release|x64.Build.0 = Release|Any CPU
		{1CBF6649-EA53-4D8D-AFDD-162875157334}.Release|x86.ActiveCfg = Release|Any CPU
		{1CBF6649-EA53-4D8D-AFDD-162875157334}.Release|x86.Build.0 = Release|Any CPU
		{CA77104E-B9F5-43D1-AAE1-B52BF229A29A}.Debug|Any CPU.ActiveCfg = Debug|Any CPU
		{CA77104E-B9F5-43D1-AAE1-B52BF229A29A}.Debug|Any CPU.Build.0 = Debug|Any CPU
		{CA77104E-B9F5-43D1-AAE1-B52BF229A29A}.Debug|x64.ActiveCfg = Debug|Any CPU
		{CA77104E-B9F5-43D1-AAE1-B52BF229A29A}.Debug|x64.Build.0 = Debug|Any CPU
		{CA77104E-B9F5-43D1-AAE1-B52BF229A29A}.Debug|x86.ActiveCfg = Debug|Any CPU
		{CA77104E-B9F5-43D1-AAE1-B52BF229A29A}.Debug|x86.Build.0 = Debug|Any CPU
		{CA77104E-B9F5-43D1-AAE1-B52BF229A29A}.Release|Any CPU.ActiveCfg = Release|Any CPU
		{CA77104E-B9F5-43D1-AAE1-B52BF229A29A}.Release|Any CPU.Build.0 = Release|Any CPU
		{CA77104E-B9F5-43D1-AAE1-B52BF229A29A}.Release|x64.ActiveCfg = Release|Any CPU
		{CA77104E-B9F5-43D1-AAE1-B52BF229A29A}.Release|x64.Build.0 = Release|Any CPU
		{CA77104E-B9F5-43D1-AAE1-B52BF229A29A}.Release|x86.ActiveCfg = Release|Any CPU
		{CA77104E-B9F5-43D1-AAE1-B52BF229A29A}.Release|x86.Build.0 = Release|Any CPU
		{65D36179-8F9C-4E63-9CA0-6A6F4665CC63}.Debug|Any CPU.ActiveCfg = Debug|Any CPU
		{65D36179-8F9C-4E63-9CA0-6A6F4665CC63}.Debug|Any CPU.Build.0 = Debug|Any CPU
		{65D36179-8F9C-4E63-9CA0-6A6F4665CC63}.Debug|x64.ActiveCfg = Debug|Any CPU
		{65D36179-8F9C-4E63-9CA0-6A6F4665CC63}.Debug|x64.Build.0 = Debug|Any CPU
		{65D36179-8F9C-4E63-9CA0-6A6F4665CC63}.Debug|x86.ActiveCfg = Debug|Any CPU
		{65D36179-8F9C-4E63-9CA0-6A6F4665CC63}.Debug|x86.Build.0 = Debug|Any CPU
		{65D36179-8F9C-4E63-9CA0-6A6F4665CC63}.Release|Any CPU.ActiveCfg = Release|Any CPU
		{65D36179-8F9C-4E63-9CA0-6A6F4665CC63}.Release|Any CPU.Build.0 = Release|Any CPU
		{65D36179-8F9C-4E63-9CA0-6A6F4665CC63}.Release|x64.ActiveCfg = Release|Any CPU
		{65D36179-8F9C-4E63-9CA0-6A6F4665CC63}.Release|x64.Build.0 = Release|Any CPU
		{65D36179-8F9C-4E63-9CA0-6A6F4665CC63}.Release|x86.ActiveCfg = Release|Any CPU
		{65D36179-8F9C-4E63-9CA0-6A6F4665CC63}.Release|x86.Build.0 = Release|Any CPU
		{F3BAE213-2369-4789-A5F6-3D1F3D5CB54D}.Debug|Any CPU.ActiveCfg = Debug|Any CPU
		{F3BAE213-2369-4789-A5F6-3D1F3D5CB54D}.Debug|Any CPU.Build.0 = Debug|Any CPU
		{F3BAE213-2369-4789-A5F6-3D1F3D5CB54D}.Debug|x64.ActiveCfg = Debug|x64
		{F3BAE213-2369-4789-A5F6-3D1F3D5CB54D}.Debug|x64.Build.0 = Debug|x64
		{F3BAE213-2369-4789-A5F6-3D1F3D5CB54D}.Debug|x86.ActiveCfg = Debug|x86
		{F3BAE213-2369-4789-A5F6-3D1F3D5CB54D}.Debug|x86.Build.0 = Debug|x86
		{F3BAE213-2369-4789-A5F6-3D1F3D5CB54D}.Release|Any CPU.ActiveCfg = Release|Any CPU
		{F3BAE213-2369-4789-A5F6-3D1F3D5CB54D}.Release|Any CPU.Build.0 = Release|Any CPU
		{F3BAE213-2369-4789-A5F6-3D1F3D5CB54D}.Release|x64.ActiveCfg = Release|x64
		{F3BAE213-2369-4789-A5F6-3D1F3D5CB54D}.Release|x64.Build.0 = Release|x64
		{F3BAE213-2369-4789-A5F6-3D1F3D5CB54D}.Release|x86.ActiveCfg = Release|x86
		{F3BAE213-2369-4789-A5F6-3D1F3D5CB54D}.Release|x86.Build.0 = Release|x86
	EndGlobalSection
	GlobalSection(SolutionProperties) = preSolution
		HideSolutionNode = FALSE
	EndGlobalSection
	GlobalSection(ExtensibilityGlobals) = postSolution
		SolutionGuid = {0F63C006-3632-4D09-A66B-15DAB5795510}
	EndGlobalSection
EndGlobal
